
Microsoft Visual Studio Solution File, Format Version 12.00
# Visual Studio Version 16
VisualStudioVersion = 16.0.31410.357
MinimumVisualStudioVersion = 10.0.40219.1
Project("{FAE04EC0-301F-11D3-BF4B-00C04F79EFBC}") = "Rabbitmq_Consumer", "Rabbitmq_Consumer\Rabbitmq_Consumer.csproj", "{639E60C4-6DE0-4C1C-9F19-05BAFF3F1C51}"
EndProject
Global
	GlobalSection(SolutionConfigurationPlatforms) = preSolution
		Debug|Any CPU = Debug|Any CPU
		Release|Any CPU = Release|Any CPU
	EndGlobalSection
	GlobalSection(ProjectConfigurationPlatforms) = postSolution
		{639E60C4-6DE0-4C1C-9F19-05BAFF3F1C51}.Debug|Any CPU.ActiveCfg = Debug|Any CPU
		{639E60C4-6DE0-4C1C-9F19-05BAFF3F1C51}.Debug|Any CPU.Build.0 = Debug|Any CPU
		{639E60C4-6DE0-4C1C-9F19-05BAFF3F1C51}.Release|Any CPU.ActiveCfg = Release|Any CPU
		{639E60C4-6DE0-4C1C-9F19-05BAFF3F1C51}.Release|Any CPU.Build.0 = Release|Any CPU
	EndGlobalSection
	GlobalSection(SolutionProperties) = preSolution
		HideSolutionNode = FALSE
	EndGlobalSection
	GlobalSection(ExtensibilityGlobals) = postSolution
		SolutionGuid = {38491A28-69E2-4B1C-9495-2BAEEEBC6115}
	EndGlobalSection
EndGlobal
